
Microsoft Visual Studio Solution File, Format Version 12.00
# Visual Studio 15
VisualStudioVersion = 15.0.27130.0
MinimumVisualStudioVersion = 10.0.40219.1
Project("{FAE04EC0-301F-11D3-BF4B-00C04F79EFBC}") = "FFmpegSharp", "FFmpegSharp\FFmpegSharp.csproj", "{F6C4359B-766E-40EE-820C-FA7865CAC400}"
EndProject
Project("{FAE04EC0-301F-11D3-BF4B-00C04F79EFBC}") = "SampleApp", "SampleApp\SampleApp.csproj", "{499A0AE4-485D-46B5-B194-36108523502B}"
EndProject
Global
	GlobalSection(SolutionConfigurationPlatforms) = preSolution
		Debug|Any CPU = Debug|Any CPU
		Release|Any CPU = Release|Any CPU
	EndGlobalSection
	GlobalSection(ProjectConfigurationPlatforms) = postSolution
		{F6C4359B-766E-40EE-820C-FA7865CAC400}.Debug|Any CPU.ActiveCfg = Debug|Any CPU
		{F6C4359B-766E-40EE-820C-FA7865CAC400}.Debug|Any CPU.Build.0 = Debug|Any CPU
		{F6C4359B-766E-40EE-820C-FA7865CAC400}.Release|Any CPU.ActiveCfg = Release|Any CPU
		{F6C4359B-766E-40EE-820C-FA7865CAC400}.Release|Any CPU.Build.0 = Release|Any CPU
		{499A0AE4-485D-46B5-B194-36108523502B}.Debug|Any CPU.ActiveCfg = Debug|Any CPU
		{499A0AE4-485D-46B5-B194-36108523502B}.Debug|Any CPU.Build.0 = Debug|Any CPU
		{499A0AE4-485D-46B5-B194-36108523502B}.Release|Any CPU.ActiveCfg = Release|Any CPU
		{499A0AE4-485D-46B5-B194-36108523502B}.Release|Any CPU.Build.0 = Release|Any CPU
	EndGlobalSection
	GlobalSection(SolutionProperties) = preSolution
		HideSolutionNode = FALSE
	EndGlobalSection
	GlobalSection(ExtensibilityGlobals) = postSolution
		SolutionGuid = {8C6ABDA1-B7CF-4589-B2B9-16478CF4E989}
	EndGlobalSection
EndGlobal
